
Microsoft Visual Studio Solution File, Format Version 12.00
# Visual Studio Version 17
VisualStudioVersion = 17.5.2.0
MinimumVisualStudioVersion = 10.0.40219.1
Project("{FAE04EC0-301F-11D3-BF4B-00C04F79EFBC}") = "MonoGame_Super_Pang", "MonoGame_Super_Pang.csproj", "{512BF231-84F8-66FA-4E34-EDCFFE3C543D}"
EndProject
Project("{FAE04EC0-301F-11D3-BF4B-00C04F79EFBC}") = "MonoGameLibrary", "..\MonoGameLibrary\MonoGameLibrary.csproj", "{7903C2F5-93E5-4C34-8FB3-09C8400C9385}"
EndProject
Global
	GlobalSection(SolutionConfigurationPlatforms) = preSolution
		Debug|Any CPU = Debug|Any CPU
		Debug|x64 = Debug|x64
		Debug|x86 = Debug|x86
		Release|Any CPU = Release|Any CPU
		Release|x64 = Release|x64
		Release|x86 = Release|x86
	EndGlobalSection
	GlobalSection(ProjectConfigurationPlatforms) = postSolution
		{512BF231-84F8-66FA-4E34-EDCFFE3C543D}.Debug|Any CPU.ActiveCfg = Debug|Any CPU
		{512BF231-84F8-66FA-4E34-EDCFFE3C543D}.Debug|Any CPU.Build.0 = Debug|Any CPU
		{512BF231-84F8-66FA-4E34-EDCFFE3C543D}.Debug|x64.ActiveCfg = Debug|Any CPU
		{512BF231-84F8-66FA-4E34-EDCFFE3C543D}.Debug|x64.Build.0 = Debug|Any CPU
		{512BF231-84F8-66FA-4E34-EDCFFE3C543D}.Debug|x86.ActiveCfg = Debug|Any CPU
		{512BF231-84F8-66FA-4E34-EDCFFE3C543D}.Debug|x86.Build.0 = Debug|Any CPU
		{512BF231-84F8-66FA-4E34-EDCFFE3C543D}.Release|Any CPU.ActiveCfg = Release|Any CPU
		{512BF231-84F8-66FA-4E34-EDCFFE3C543D}.Release|Any CPU.Build.0 = Release|Any CPU
		{512BF231-84F8-66FA-4E34-EDCFFE3C543D}.Release|x64.ActiveCfg = Release|Any CPU
		{512BF231-84F8-66FA-4E34-EDCFFE3C543D}.Release|x64.Build.0 = Release|Any CPU
		{512BF231-84F8-66FA-4E34-EDCFFE3C543D}.Release|x86.ActiveCfg = Release|Any CPU
		{512BF231-84F8-66FA-4E34-EDCFFE3C543D}.Release|x86.Build.0 = Release|Any CPU
		{7903C2F5-93E5-4C34-8FB3-09C8400C9385}.Debug|Any CPU.ActiveCfg = Debug|Any CPU
		{7903C2F5-93E5-4C34-8FB3-09C8400C9385}.Debug|Any CPU.Build.0 = Debug|Any CPU
		{7903C2F5-93E5-4C34-8FB3-09C8400C9385}.Debug|x64.ActiveCfg = Debug|Any CPU
		{7903C2F5-93E5-4C34-8FB3-09C8400C9385}.Debug|x64.Build.0 = Debug|Any CPU
		{7903C2F5-93E5-4C34-8FB3-09C8400C9385}.Debug|x86.ActiveCfg = Debug|Any CPU
		{7903C2F5-93E5-4C34-8FB3-09C8400C9385}.Debug|x86.Build.0 = Debug|Any CPU
		{7903C2F5-93E5-4C34-8FB3-09C8400C9385}.Release|Any CPU.ActiveCfg = Release|Any CPU
		{7903C2F5-93E5-4C34-8FB3-09C8400C9385}.Release|Any CPU.Build.0 = Release|Any CPU
		{7903C2F5-93E5-4C34-8FB3-09C8400C9385}.Release|x64.ActiveCfg = Release|Any CPU
		{7903C2F5-93E5-4C34-8FB3-09C8400C9385}.Release|x64.Build.0 = Release|Any CPU
		{7903C2F5-93E5-4C34-8FB3-09C8400C9385}.Release|x86.ActiveCfg = Release|Any CPU
		{7903C2F5-93E5-4C34-8FB3-09C8400C9385}.Release|x86.Build.0 = Release|Any CPU
	EndGlobalSection
	GlobalSection(SolutionProperties) = preSolution
		HideSolutionNode = FALSE
	EndGlobalSection
	GlobalSection(ExtensibilityGlobals) = postSolution
		SolutionGuid = {708025CA-16DE-4EC3-A91D-8438AD3C62E3}
	EndGlobalSection
EndGlobal
